{
    "_meta": {
        "hash": {
            "sha256": "53fdb6fff7430517b79952b4689395f012123e38ff94317fd628981981ff16dd"
        },
        "pipfile-spec": 6,
        "requires": {
            "python_version": "3.6"
        },
        "sources": [
            {
                "name": "pypi",
                "url": "https://pypi.org/simple",
                "verify_ssl": true
            }
        ]
    },
    "default": {
        "backcall": {
            "hashes": [
                "sha256:38ecd85be2c1e78f77fd91700c76e14667dc21e2713b63876c0eb901196e01e4",
                "sha256:bbbf4b1e5cd2bdb08f915895b51081c041bac22394fdfcfdfbe9f14b77c08bf2"
            ],
            "version": "==0.1.0"
        },
        "bleach": {
            "hashes": [
                "sha256:0ee95f6167129859c5dce9b1ca291ebdb5d8cd7e382ca0e237dfd0dad63f63d8",
                "sha256:24754b9a7d530bf30ce7cbc805bc6cce785660b4a10ff3a43633728438c105ab"
            ],
            "version": "==2.1.4"
        },
        "cython": {
            "hashes": [
                "sha256:022592d419fc754509d0e0461eb2958dbaa45fb60d51c8a61778c58994edbe36",
                "sha256:07659f4c57582104d9486c071de512fbd7e087a3a630535298442cc0e20a3f5a",
                "sha256:13c73e2ffa93a615851e03fad97591954d143b5b62361b9adef81f46a31cd8ef",
                "sha256:13eab5a2835a84ff62db343035603044c908d2b3b6eec09d67fdf9970acf7ac9",
                "sha256:183b35a48f58862c4ec1e821f07bb7b1156c8c8559c85c32ae086f28947474eb",
                "sha256:2f526b0887128bf20ab2acc905a975f62b5a04ab2f63ecbe5a30fc28285d0e0c",
                "sha256:32de8637f5e6c5a76667bc7c8fc644bd9314dc19af36db8ce30a0b92ada0f642",
                "sha256:4172c183ef4fb2ace6a29cdf7fc9200c5a471a7f775ff691975b774bd9ed3ad2",
                "sha256:553956ec06ecbd731ef0c538eb28a5b46bedea7ab89b18237ff28b4b99d65eee",
                "sha256:660eeb6870687fd3eda91e00ba4e72220545c254c8c4d967fd0c910f4fbb8cbc",
                "sha256:693a8619ef066ece055ed065a15cf440f9d3ebd1bca60e87ea19144833756433",
                "sha256:759c799e9ef418f163b5412e295e14c0a48fe3b4dcba9ab8aab69e9f511cfefd",
                "sha256:827d3a91b7a7c31ce69e5974496fd9a8ba28eb498b988affb66d0d30de11d934",
                "sha256:87e57b5d730cfab225d95e7b23abbc0c6f77598bd66639e93c73ce8afbae6f38",
                "sha256:9400e5db8383346b0694a3e794d8bded18a27b21123516dcdf4b79d7ec28e98b",
                "sha256:9ec27681c5b1b457aacb1cbda5db04aa28b76da2af6e1e1fd15f233eafe6a0b0",
                "sha256:ae4784f040a3313c8bd00c8d04934b7ade63dc59692d8f00a5235be8ed72a445",
                "sha256:b2ba8310ebd3c0e0b884d5e95bbd99d467d6af922acd1e44fe4b819839b2150e",
                "sha256:b64575241f64f6ec005a4d4137339fb0ba5e156e826db2fdb5f458060d9979e0",
                "sha256:c78ad0df75a9fc03ab28ca1b950c893a208c451a18f76796c3e25817d6994001",
                "sha256:cdbb917e41220bd3812234dbe59d15391adbc2c5d91ae11a5273aab9e32ba7ec",
                "sha256:d2223a80c623e2a8e97953ab945dfaa9385750a494438dcb55562eb1ddd9565a",
                "sha256:e22f21cf92a9f8f007a280e3b3462c886d9068132a6c698dec10ad6125e3ca1e",
                "sha256:ea5c16c48e561f4a6f6b8c24807494b77a79e156b8133521c400f22ca712101b",
                "sha256:ee7a9614d51fe16e32ca5befe72e0808baff481791728449d0b17c8b0fe29eb9",
                "sha256:ef86de9299e4ab2ebb129fb84b886bf40b9aced9807c6d6d5f28b46fb905f82c",
                "sha256:f3e4860f5458a9875caa3de65e255720c0ed2ce71f0bcdab02497b32104f9db8",
                "sha256:fc6c20a8ac22202a779ad4c59756647be0826993d2151a03c015e76d2368ae5f"
            ],
            "index": "pypi",
            "version": "==0.28.5"
        },
        "decorator": {
            "hashes": [
                "sha256:2c51dff8ef3c447388fe5e4453d24a2bf128d3a4c32af3fabef1f01c6851ab82",
                "sha256:c39efa13fbdeb4506c476c9b3babf6a718da943dab7811c206005a4a956c080c"
            ],
            "version": "==4.3.0"
        },
        "defusedxml": {
            "hashes": [
                "sha256:24d7f2f94f7f3cb6061acb215685e5125fbcdc40a857eff9de22518820b0a4f4",
                "sha256:702a91ade2968a82beb0db1e0766a6a273f33d4616a6ce8cde475d8e09853b20"
            ],
            "version": "==0.5.0"
        },
        "entrypoints": {
            "hashes": [
                "sha256:10ad569bb245e7e2ba425285b9fa3e8178a0dc92fc53b1e1c553805e15a8825b",
                "sha256:d2d587dde06f99545fb13a383d2cd336a8ff1f359c5839ce3a64c917d10c029f"
            ],
            "markers": "python_version >= '2.7'",
            "version": "==0.2.3"
        },
        "html5lib": {
            "hashes": [
                "sha256:20b159aa3badc9d5ee8f5c647e5efd02ed2a66ab8d354930bd9ff139fc1dc0a3",
                "sha256:66cb0dcfdbbc4f9c3ba1a63fdb511ffdbd4f513b2b6d81b80cd26ce6b3fb3736"
            ],
            "version": "==1.0.1"
        },
        "ipykernel": {
            "hashes": [
                "sha256:00d88b7e628e4e893359119b894451611214bce09776a3bf8248fe42cb48ada6",
                "sha256:a706b975376efef98b70e10cd167ab9506cf08a689d689a3c7daf344c15040f6",
                "sha256:c5a498c70f7765c34f3397cf943b069057f5bef4e0218e4cfbb733e9f38fa5fa"
            ],
            "version": "==4.9.0"
        },
        "ipython": {
            "hashes": [
                "sha256:007dcd929c14631f83daff35df0147ea51d1af420da303fd078343878bd5fb62",
                "sha256:b0f2ef9eada4a68ef63ee10b6dde4f35c840035c50fd24265f8052c98947d5a4"
            ],
            "version": "==6.5.0"
        },
        "ipython-genutils": {
            "hashes": [
                "sha256:72dd37233799e619666c9f639a9da83c34013a73e8bbc79a7a6348d93c61fab8",
                "sha256:eb2e116e75ecef9d4d228fdc66af54269afa26ab4463042e33785b887c628ba8"
            ],
            "version": "==0.2.0"
        },
        "jedi": {
            "hashes": [
                "sha256:b409ed0f6913a701ed474a614a3bb46e6953639033e31f769ca7581da5bd1ec1",
                "sha256:c254b135fb39ad76e78d4d8f92765ebc9bf92cbc76f49e97ade1d5f5121e1f6f"
            ],
            "version": "==0.12.1"
        },
        "jinja2": {
            "hashes": [
                "sha256:74c935a1b8bb9a3947c50a54766a969d4846290e1e788ea44c1392163723c3bd",
                "sha256:f84be1bb0040caca4cea721fcbbbbd61f9be9464ca236387158b0feea01914a4"
            ],
            "version": "==2.10"
        },
        "jsonschema": {
            "hashes": [
                "sha256:000e68abd33c972a5248544925a0cae7d1125f9bf6c58280d37546b946769a08",
                "sha256:6ff5f3180870836cae40f06fa10419f557208175f13ad7bc26caa77beb1f6e02"
            ],
            "version": "==2.6.0"
        },
        "jupyter-client": {
            "hashes": [
                "sha256:27befcf0446b01e29853014d6a902dd101ad7d7f94e2252b1adca17c3466b761",
                "sha256:59e6d791e22a8002ad0e80b78c6fd6deecab4f9e1b1aa1a22f4213de271b29ea"
            ],
            "version": "==5.2.3"
        },
        "jupyter-core": {
            "hashes": [
                "sha256:927d713ffa616ea11972534411544589976b2493fc7e09ad946e010aa7eb9970",
                "sha256:ba70754aa680300306c699790128f6fbd8c306ee5927976cbe48adacf240c0b7"
            ],
            "version": "==4.4.0"
        },
        "jupyterlab": {
            "hashes": [
                "sha256:86854ad08e10aac67d2092051caba7831600c75df8c8ded3e0ddf96861242048",
                "sha256:a85dcbf06febeaaaeace5a324e672e380738ac98c088792f675bef94420f23e2"
            ],
            "index": "pypi",
            "version": "==0.34.7"
        },
        "jupyterlab-launcher": {
            "hashes": [
                "sha256:bd91a0938d415fed3a9214aa918a66dd90ccff0c5b59c8a73134b1e6afd857c6",
                "sha256:f880eada0b8b1f524d5951dc6fcae0d13b169897fc8a247d75fb5beadd69c5f0"
            ],
            "version": "==0.13.1"
        },
        "markupsafe": {
            "hashes": [
                "sha256:a6be69091dac236ea9c6bc7d012beab42010fa914c459791d627dad4910eb665"
            ],
            "version": "==1.0"
        },
        "mistune": {
            "hashes": [
                "sha256:b4c512ce2fc99e5a62eb95a4aba4b73e5f90264115c40b70a21e1f7d4e0eac91",
                "sha256:bc10c33bfdcaa4e749b779f62f60d6e12f8215c46a292d05e486b869ae306619"
            ],
            "version": "==0.8.3"
        },
        "nbconvert": {
            "hashes": [
                "sha256:08d21cf4203fabafd0d09bbd63f06131b411db8ebeede34b0fd4be4548351779",
                "sha256:a8a2749f972592aa9250db975304af6b7337f32337e523a2c995cc9e12c07807"
            ],
            "version": "==5.4.0"
        },
        "nbformat": {
            "hashes": [
                "sha256:b9a0dbdbd45bb034f4f8893cafd6f652ea08c8c1674ba83f2dc55d3955743b0b",
                "sha256:f7494ef0df60766b7cabe0a3651556345a963b74dbc16bc7c18479041170d402"
            ],
            "version": "==4.4.0"
        },
        "notebook": {
            "hashes": [
                "sha256:66dd59e76e755584ae9450eb015c39f55d4bb1d8ec68f2c694d2b3cba7bf5c7e",
                "sha256:e2c8e931cc19db4f8c63e6a396efbc13a228b2cb5b2919df011b946f28239a08"
            ],
            "version": "==5.6.0"
        },
        "numpy": {
            "hashes": [
                "sha256:1c362ad12dd09a43b348bb28dd2295dd9cdf77f41f0f45965e04ba97f525b864",
                "sha256:2156a06bd407918df4ac0122df6497a9c137432118f585e5b17d543e593d1587",
                "sha256:24e4149c38489b51fc774b1e1faa9103e82f73344d7a00ba66f6845ab4769f3f",
                "sha256:340ec1697d9bb3a9c464028af7a54245298502e91178bddb4c37626d36e197b7",
                "sha256:35db8d419345caa4eeaa65cd63f34a15208acd87530a30f0bc25fc84f55c8c80",
                "sha256:361370e9b7f5e44c41eee29f2bb5cb3b755abb4b038bce6d6cbe08db7ff9cb74",
                "sha256:36e8dcd1813ca92ce7e4299120cee6c03adad33d89b54862c1b1a100443ac399",
                "sha256:378378973546ecc1dfaf9e24c160d683dd04df871ecd2dcc86ce658ca20f92c0",
                "sha256:419e6faee16097124ee627ed31572c7e80a1070efa25260b78097cca240e219a",
                "sha256:4287104c24e6a09b9b418761a1e7b1bbde65105f110690ca46a23600a3c606b8",
                "sha256:549f3e9778b148a47f4fb4682955ed88057eb627c9fe5467f33507c536deda9d",
                "sha256:5e359e9c531075220785603e5966eef20ccae9b3b6b8a06fdfb66c084361ce92",
                "sha256:5ee7f3dbbdba0da75dec7e94bd7a2b10fe57a83e1b38e678200a6ad8e7b14fdc",
                "sha256:62d55e96ec7b117d3d5e618c15efcf769e70a6effaee5842857b64fb4883887a",
                "sha256:719b6789acb2bc86ea9b33a701d7c43dc2fc56d95107fd3c5b0a8230164d4dfb",
                "sha256:7a70f2b60d48828cba94a54a8776b61a9c2657a803d47f5785f8062e3a9c7c55",
                "sha256:7b9e37f194f8bcdca8e9e6af92e2cbad79e360542effc2dd6b98d63955d8d8a3",
                "sha256:83b8fc18261b70f45bece2d392537c93dc81eb6c539a16c9ac994c47fc79f09a",
                "sha256:9473ad28375710ab18378e72b59422399b27e957e9339c413bf00793b4b12df0",
                "sha256:95b085b253080e5d09f7826f5e27dce067bae813a132023a77b739614a29de6e",
                "sha256:98b86c62c08c2e5dc98a9c856d4a95329d11b1c6058cb9b5191d5ea6891acd09",
                "sha256:a3bd01d6d3ed3d7c06d7f9979ba5d68281f15383fafd53b81aa44b9191047cf8",
                "sha256:c81a6afc1d2531a9ada50b58f8c36197f8418ef3d0611d4c1d7af93fdcda764f",
                "sha256:ce75ed495a746e3e78cfa22a77096b3bff2eda995616cb7a542047f233091268",
                "sha256:dae8618c0bcbfcf6cf91350f8abcdd84158323711566a8c5892b5c7f832af76f",
                "sha256:df0b02c6705c5d1c25cc35c7b5d6b6f9b3b30833f9d178843397ae55ecc2eebb",
                "sha256:e3660744cda0d94b90141cdd0db9308b958a372cfeee8d7188fdf5ad9108ea82",
                "sha256:f2362d0ca3e16c37782c1054d7972b8ad2729169567e3f0f4e5dd3cdf85f188e"
            ],
            "markers": "python_version != '3.0.*' and python_version != '3.3.*' and python_version != '3.1.*' and python_version >= '2.7' and python_version != '3.2.*'",
            "version": "==1.15.1"
        },
        "packaging": {
            "hashes": [
                "sha256:e9215d2d2535d3ae866c3d6efc77d5b24a0192cce0ff20e42896cc0664f889c0",
                "sha256:f019b770dd64e585a99714f1fd5e01c7a8f11b45635aa953fd41c689a657375b"
            ],
            "index": "pypi",
            "version": "==17.1"
        },
        "pandocfilters": {
            "hashes": [
                "sha256:b3dd70e169bb5449e6bc6ff96aea89c5eea8c5f6ab5e207fc2f521a2cf4a0da9"
            ],
            "version": "==1.4.2"
        },
        "parso": {
            "hashes": [
                "sha256:35704a43a3c113cce4de228ddb39aab374b8004f4f2407d070b6a2ca784ce8a2",
                "sha256:895c63e93b94ac1e1690f5fdd40b65f07c8171e3e53cbd7793b5b96c0e0a7f24"
            ],
            "version": "==0.3.1"
        },
        "pdal": {
            "hashes": [
                "sha256:a25222d698dcc7ecffdd8de7f7b56a640961aa594cca2e5230e4b813837aba9d",
                "sha256:b5b8808755456253cea9440df9bc74c91c57e6dc34fddf4ed85b2392e0a3ec79"
            ],
            "index": "pypi",
            "version": "==2.0.0"
        },
        "pexpect": {
            "hashes": [
                "sha256:2a8e88259839571d1251d278476f3eec5db26deb73a70be5ed5dc5435e418aba",
                "sha256:3fbd41d4caf27fa4a377bfd16fef87271099463e6fa73e92a52f92dfee5d425b"
            ],
            "markers": "sys_platform != 'win32'",
            "version": "==4.6.0"
        },
        "pickleshare": {
            "hashes": [
                "sha256:84a9257227dfdd6fe1b4be1319096c20eb85ff1e82c7932f36efccfe1b09737b",
                "sha256:c9a2541f25aeabc070f12f452e1f2a8eae2abd51e1cd19e8430402bdf4c1d8b5"
            ],
            "version": "==0.7.4"
        },
        "prometheus-client": {
            "hashes": [
                "sha256:17bc24c09431644f7c65d7bce9f4237252308070b6395d6d8e87767afe867e24"
            ],
            "version": "==0.3.1"
        },
        "prompt-toolkit": {
            "hashes": [
                "sha256:1df952620eccb399c53ebb359cc7d9a8d3a9538cb34c5a1344bdbeb29fbcc381",
                "sha256:3f473ae040ddaa52b52f97f6b4a493cfa9f5920c255a12dc56a7d34397a398a4",
                "sha256:858588f1983ca497f1cf4ffde01d978a3ea02b01c8a26a8bbc5cd2e66d816917"
            ],
            "version": "==1.0.15"
        },
        "ptyprocess": {
            "hashes": [
                "sha256:923f299cc5ad920c68f2bc0bc98b75b9f838b93b599941a6b63ddbc2476394c0",
                "sha256:d7cc528d76e76342423ca640335bd3633420dc1366f258cb31d05e865ef5ca1f"
            ],
            "markers": "os_name != 'nt'",
            "version": "==0.6.0"
        },
        "pygments": {
            "hashes": [
                "sha256:78f3f434bcc5d6ee09020f92ba487f95ba50f1e3ef83ae96b9d5ffa1bab25c5d",
                "sha256:dbae1046def0efb574852fab9e90209b23f556367b5a320c0bcb871c77c3e8cc"
            ],
            "version": "==2.2.0"
        },
        "pyparsing": {
            "hashes": [
                "sha256:0832bcf47acd283788593e7a0f542407bd9550a55a8a8435214a1960e04bcb04",
                "sha256:fee43f17a9c4087e7ed1605bd6df994c6173c1e977d7ade7b651292fab2bd010"
            ],
            "version": "==2.2.0"
        },
        "python-dateutil": {
            "hashes": [
                "sha256:1adb80e7a782c12e52ef9a8182bebeb73f1d7e24e374397af06fb4956c8dc5c0",
                "sha256:e27001de32f627c22380a688bcc43ce83504a7bc5da472209b4c70f02829f0b8"
            ],
            "version": "==2.7.3"
        },
        "pyzmq": {
            "hashes": [
                "sha256:25a0715c8f69cf72f67cfe5a68a3f3ed391c67c063d2257bec0fe7fc2c7f08f8",
                "sha256:2bab63759632c6b9e0d5bf19cc63c3b01df267d660e0abcf230cf0afaa966349",
                "sha256:30ab49d99b24bf0908ebe1cdfa421720bfab6f93174e4883075b7ff38cc555ba",
                "sha256:32c7ca9fc547a91e3c26fc6080b6982e46e79819e706eb414dd78f635a65d946",
                "sha256:41219ae72b3cc86d97557fe5b1ef5d1adc1057292ec597b50050874a970a39cf",
                "sha256:4b8c48a9a13cea8f1f16622f9bd46127108af14cd26150461e3eab71e0de3e46",
                "sha256:55724997b4a929c0d01b43c95051318e26ddbae23565018e138ae2dc60187e59",
                "sha256:65f0a4afae59d4fc0aad54a917ab599162613a761b760ba167d66cc646ac3786",
                "sha256:6f88591a8b246f5c285ee6ce5c1bf4f6bd8464b7f090b1333a446b6240a68d40",
                "sha256:75022a4c60dcd8765bb9ca32f6de75a0ec83b0d96e0309dc479f4c7b21f26cb7",
                "sha256:76ea493bfab18dcb090d825f3662b5612e2def73dffc196d51a5194b0294a81d",
                "sha256:7b60c045b80709e4e3c085bab9b691e71761b44c2b42dbb047b8b498e7bc16b3",
                "sha256:8e6af2f736734aef8ed6f278f9f552ec7f37b1a6b98e59b887484a840757f67d",
                "sha256:9ac2298e486524331e26390eac14e4627effd3f8e001d4266ed9d8f1d2d31cce",
                "sha256:9ba650f493a9bc1f24feca1d90fce0e5dd41088a252ac9840131dfbdbf3815ca",
                "sha256:a02a4a385e394e46012dc83d2e8fd6523f039bb52997c1c34a2e0dd49ed839c1",
                "sha256:a3ceee84114d9f5711fa0f4db9c652af0e4636c89eabc9b7f03a3882569dd1ed",
                "sha256:a72b82ac1910f2cf61a49139f4974f994984475f771b0faa730839607eeedddf",
                "sha256:ab136ac51027e7c484c53138a0fab4a8a51e80d05162eb7b1585583bcfdbad27",
                "sha256:c095b224300bcac61e6c445e27f9046981b1ac20d891b2f1714da89d34c637c8",
                "sha256:c5cc52d16c06dc2521340d69adda78a8e1031705924e103c0eb8fc8af861d810",
                "sha256:d612e9833a89e8177f8c1dc68d7b4ff98d3186cd331acd616b01bbdab67d3a7b",
                "sha256:e828376a23c66c6fe90dcea24b4b72cd774f555a6ee94081670872918df87a19",
                "sha256:e9767c7ab2eb552796440168d5c6e23a99ecaade08dda16266d43ad461730192",
                "sha256:ebf8b800d42d217e4710d1582b0c8bff20cdcb4faad7c7213e52644034300924"
            ],
            "markers": "python_version != '3.2*' and python_version >= '2.7' and python_version != '3.0*' and python_version != '3.1*'",
            "version": "==17.1.2"
        },
        "send2trash": {
            "hashes": [
                "sha256:60001cc07d707fe247c94f74ca6ac0d3255aabcb930529690897ca2a39db28b2",
                "sha256:f1691922577b6fa12821234aeb57599d887c4900b9ca537948d2dac34aea888b"
            ],
            "version": "==1.5.0"
        },
        "simplegeneric": {
            "hashes": [
                "sha256:dc972e06094b9af5b855b3df4a646395e43d1c9d0d39ed345b7393560d0b9173"
            ],
            "version": "==0.8.1"
        },
        "six": {
            "hashes": [
                "sha256:70e8a77beed4562e7f14fe23a786b54f6296e34344c23bc42f07b15018ff98e9",
                "sha256:832dc0e10feb1aa2c68dcc57dbb658f1c7e65b9b61af69048abc87a2db00a0eb"
            ],
            "version": "==1.11.0"
        },
        "terminado": {
            "hashes": [
                "sha256:55abf9ade563b8f9be1f34e4233c7b7bde726059947a593322e8a553cc4c067a",
                "sha256:65011551baff97f5414c67018e908110693143cfbaeb16831b743fe7cad8b927"
            ],
            "version": "==0.8.1"
        },
        "testpath": {
            "hashes": [
                "sha256:039fa6a6c9fd3488f8336d23aebbfead5fa602c4a47d49d83845f55a595ec1b4",
                "sha256:0d5337839c788da5900df70f8e01015aec141aa3fe7936cb0d0a2953f7ac7609"
            ],
            "version": "==0.3.1"
        },
        "tornado": {
            "hashes": [
                "sha256:1c0816fc32b7d31b98781bd8ebc7a9726d7dce67407dc353a2e66e697e138448",
                "sha256:4f66a2172cb947387193ca4c2c3e19131f1c70fa8be470ddbbd9317fd0801582",
                "sha256:5327ba1a6c694e0149e7d9126426b3704b1d9d520852a3e4aa9fc8fe989e4046",
                "sha256:6a7e8657618268bb007646b9eae7661d0b57f13efc94faa33cd2588eae5912c9",
                "sha256:a9b14804783a1d77c0bd6c66f7a9b1196cbddfbdf8bceb64683c5ae60bd1ec6f",
                "sha256:c58757e37c4a3172949c99099d4d5106e4d7b63aa0617f9bb24bfbff712c7866",
                "sha256:d8984742ce86c0855cccecd5c6f54a9f7532c983947cff06f3a0e2115b47f85c"
            ],
            "markers": "python_version != '3.0.*' and python_version != '3.3.*' and python_version != '3.1.*' and python_version >= '2.7' and python_version != '3.2.*'",
            "version": "==5.1"
        },
        "traitlets": {
            "hashes": [
                "sha256:9c4bd2d267b7153df9152698efb1050a5d84982d3384a37b2c1f7723ba3e7835",
                "sha256:c6cb5e6f57c5a9bdaa40fa71ce7b4af30298fbab9ece9815b5d995ab6217c7d9"
            ],
            "version": "==4.3.2"
        },
        "wcwidth": {
            "hashes": [
                "sha256:3df37372226d6e63e1b1e1eda15c594bca98a22d33a23832a90998faa96bc65e",
                "sha256:f4ebe71925af7b40a864553f761ed559b43544f8f71746c2d756c7fe788ade7c"
            ],
            "version": "==0.1.7"
        },
        "webencodings": {
            "hashes": [
                "sha256:a0af1213f3c2226497a97e2b3aa01a7e4bee4f403f95be16fc9acd2947514a78",
                "sha256:b36a1c245f2d304965eb4e0a82848379241dc04b865afcc4aab16748587e1923"
            ],
            "version": "==0.5.1"
        }
    },
    "develop": {}
}
